// !$*UTF8*$!
{
	archiveVersion = 1;
	classes = {
	};
	objectVersion = 48;
	objects = {

/* Begin PBXBuildFile section */
		2AA4007349A45CB66CC4692D /* Pods_VisionDemo.framework in Frameworks */ = {isa = PBXBuildFile; fileRef = 4ACF6100167CF091889FF807 /* Pods_VisionDemo.framework */; };
		4516A8601F0C716500F4480F /* AppDelegate.swift in Sources */ = {isa = PBXBuildFile; fileRef = 4516A85F1F0C716500F4480F /* AppDelegate.swift */; };
		4516A8621F0C716500F4480F /* ViewController.swift in Sources */ = {isa = PBXBuildFile; fileRef = 4516A8611F0C716500F4480F /* ViewController.swift */; };
		4516A8651F0C716500F4480F /* Main.storyboard in Resources */ = {isa = PBXBuildFile; fileRef = 4516A8631F0C716500F4480F /* Main.storyboard */; };
		4516A8671F0C716500F4480F /* Assets.xcassets in Resources */ = {isa = PBXBuildFile; fileRef = 4516A8661F0C716500F4480F /* Assets.xcassets */; };
		4516A86A1F0C716500F4480F /* LaunchScreen.storyboard in Resources */ = {isa = PBXBuildFile; fileRef = 4516A8681F0C716500F4480F /* LaunchScreen.storyboard */; };
		4516A8721F0C71D700F4480F /* CanGetImage.swift in Sources */ = {isa = PBXBuildFile; fileRef = 4516A8711F0C71D700F4480F /* CanGetImage.swift */; };
/* End PBXBuildFile section */

/* Begin PBXFileReference section */
		311DCD0903CEFE57B5A8C69A /* Pods-VisionDemo.release.xcconfig */ = {isa = PBXFileReference; includeInIndex = 1; lastKnownFileType = text.xcconfig; name = "Pods-VisionDemo.release.xcconfig"; path = "Pods/Target Support Files/Pods-VisionDemo/Pods-VisionDemo.release.xcconfig"; sourceTree = "<group>"; };
		4516A85C1F0C716500F4480F /* VisionDemo.app */ = {isa = PBXFileReference; explicitFileType = wrapper.application; includeInIndex = 0; path = VisionDemo.app; sourceTree = BUILT_PRODUCTS_DIR; };
		4516A85F1F0C716500F4480F /* AppDelegate.swift */ = {isa = PBXFileReference; lastKnownFileType = sourcecode.swift; path = AppDelegate.swift; sourceTree = "<group>"; };
		4516A8611F0C716500F4480F /* ViewController.swift */ = {isa = PBXFileReference; lastKnownFileType = sourcecode.swift; path = ViewController.swift; sourceTree = "<group>"; };
		4516A8641F0C716500F4480F /* Base */ = {isa = PBXFileReference; lastKnownFileType = file.storyboard; name = Base; path = Base.lproj/Main.storyboard; sourceTree = "<group>"; };
		4516A8661F0C716500F4480F /* Assets.xcassets */ = {isa = PBXFileReference; lastKnownFileType = folder.assetcatalog; path = Assets.xcassets; sourceTree = "<group>"; };
		4516A8691F0C716500F4480F /* Base */ = {isa = PBXFileReference; lastKnownFileType = file.storyboard; name = Base; path = Base.lproj/LaunchScreen.storyboard; sourceTree = "<group>"; };
		4516A86B1F0C716500F4480F /* Info.plist */ = {isa = PBXFileReference; lastKnownFileType = text.plist.xml; path = Info.plist; sourceTree = "<group>"; };
		4516A8711F0C71D700F4480F /* CanGetImage.swift */ = {isa = PBXFileReference; fileEncoding = 4; lastKnownFileType = sourcecode.swift; path = CanGetImage.swift; sourceTree = "<group>"; };
		45231547978F56A5C3E6C5C7 /* Pods-VisionDemo.debug.xcconfig */ = {isa = PBXFileReference; includeInIndex = 1; lastKnownFileType = text.xcconfig; name = "Pods-VisionDemo.debug.xcconfig"; path = "Pods/Target Support Files/Pods-VisionDemo/Pods-VisionDemo.debug.xcconfig"; sourceTree = "<group>"; };
		4ACF6100167CF091889FF807 /* Pods_VisionDemo.framework */ = {isa = PBXFileReference; explicitFileType = wrapper.framework; includeInIndex = 0; path = Pods_VisionDemo.framework; sourceTree = BUILT_PRODUCTS_DIR; };
/* End PBXFileReference section */

/* Begin PBXFrameworksBuildPhase section */
		4516A8591F0C716500F4480F /* Frameworks */ = {
			isa = PBXFrameworksBuildPhase;
			buildActionMask = 2147483647;
			files = (
				2AA4007349A45CB66CC4692D /* Pods_VisionDemo.framework in Frameworks */,
			);
			runOnlyForDeploymentPostprocessing = 0;
		};
/* End PBXFrameworksBuildPhase section */

/* Begin PBXGroup section */
		3C925B4EE2AA7EB393755066 /* Frameworks */ = {
			isa = PBXGroup;
			children = (
				4ACF6100167CF091889FF807 /* Pods_VisionDemo.framework */,
			);
			name = Frameworks;
			sourceTree = "<group>";
		};
		4516A8531F0C716500F4480F = {
			isa = PBXGroup;
			children = (
				4516A85E1F0C716500F4480F /* VisionDemo */,
				4516A85D1F0C716500F4480F /* Products */,
				F26CB721E89B54AEECA17EB9 /* Pods */,
				3C925B4EE2AA7EB393755066 /* Frameworks */,
			);
			sourceTree = "<group>";
		};
		4516A85D1F0C716500F4480F /* Products */ = {
			isa = PBXGroup;
			children = (
				4516A85C1F0C716500F4480F /* VisionDemo.app */,
			);
			name = Products;
			sourceTree = "<group>";
		};
		4516A85E1F0C716500F4480F /* VisionDemo */ = {
			isa = PBXGroup;
			children = (
				4516A85F1F0C716500F4480F /* AppDelegate.swift */,
				4516A8611F0C716500F4480F /* ViewController.swift */,
				4516A8711F0C71D700F4480F /* CanGetImage.swift */,
				4516A8631F0C716500F4480F /* Main.storyboard */,
				4516A8731F0C752500F4480F /* SupportingFiles */,
			);
			path = VisionDemo;
			sourceTree = "<group>";
		};
		4516A8731F0C752500F4480F /* SupportingFiles */ = {
			isa = PBXGroup;
			children = (
				4516A8661F0C716500F4480F /* Assets.xcassets */,
				4516A8681F0C716500F4480F /* LaunchScreen.storyboard */,
				4516A86B1F0C716500F4480F /* Info.plist */,
			);
			path = SupportingFiles;
			sourceTree = "<group>";
		};
		F26CB721E89B54AEECA17EB9 /* Pods */ = {
			isa = PBXGroup;
			children = (
				45231547978F56A5C3E6C5C7 /* Pods-VisionDemo.debug.xcconfig */,
				311DCD0903CEFE57B5A8C69A /* Pods-VisionDemo.release.xcconfig */,
			);
			name = Pods;
			sourceTree = "<group>";
		};
/* End PBXGroup section */

/* Begin PBXNativeTarget section */
		4516A85B1F0C716500F4480F /* VisionDemo */ = {
			isa = PBXNativeTarget;
			buildConfigurationList = 4516A86E1F0C716500F4480F /* Build configuration list for PBXNativeTarget "VisionDemo" */;
			buildPhases = (
				A8B58360CC46CA647B4743BB /* [CP] Check Pods Manifest.lock */,
				4516A8581F0C716500F4480F /* Sources */,
				4516A8591F0C716500F4480F /* Frameworks */,
				4516A85A1F0C716500F4480F /* Resources */,
				48DC3D3E0527996C8D75C72E /* [CP] Embed Pods Frameworks */,
				D75D77433139FA2B7C21B23D /* [CP] Copy Pods Resources */,
			);
			buildRules = (
			);
			dependencies = (
			);
			name = VisionDemo;
			productName = VisionDemo;
			productReference = 4516A85C1F0C716500F4480F /* VisionDemo.app */;
			productType = "com.apple.product-type.application";
		};
/* End PBXNativeTarget section */

/* Begin PBXProject section */
		4516A8541F0C716500F4480F /* Project object */ = {
			isa = PBXProject;
			attributes = {
				LastSwiftUpdateCheck = 0900;
				LastUpgradeCheck = 0900;
				ORGANIZATIONNAME = LuoJie;
				TargetAttributes = {
					4516A85B1F0C716500F4480F = {
						CreatedOnToolsVersion = 9.0;
					};
				};
			};
			buildConfigurationList = 4516A8571F0C716500F4480F /* Build configuration list for PBXProject "VisionDemo" */;
			compatibilityVersion = "Xcode 8.0";
			developmentRegion = en;
			hasScannedForEncodings = 0;
			knownRegions = (
				en,
				Base,
			);
			mainGroup = 4516A8531F0C716500F4480F;
			productRefGroup = 4516A85D1F0C716500F4480F /* Products */;
			projectDirPath = "";
			projectRoot = "";
			targets = (
				4516A85B1F0C716500F4480F /* VisionDemo */,
			);
		};
/* End PBXProject section */

/* Begin PBXResourcesBuildPhase section */
		4516A85A1F0C716500F4480F /* Resources */ = {
			isa = PBXResourcesBuildPhase;
			buildActionMask = 2147483647;
			files = (
				4516A86A1F0C716500F4480F /* LaunchScreen.storyboard in Resources */,
				4516A8671F0C716500F4480F /* Assets.xcassets in Resources */,
				4516A8651F0C716500F4480F /* Main.storyboard in Resources */,
			);
			runOnlyForDeploymentPostprocessing = 0;
		};
/* End PBXResourcesBuildPhase section */

/* Begin PBXShellScriptBuildPhase section */
		48DC3D3E0527996C8D75C72E /* [CP] Embed Pods Frameworks */ = {
			isa = PBXShellScriptBuildPhase;
			buildActionMask = 2147483647;
			files = (
			);
			inputPaths = (
			);
			name = "[CP] Embed Pods Frameworks";
			outputPaths = (
			);
			runOnlyForDeploymentPostprocessing = 0;
			shellPath = /bin/sh;
			shellScript = "\"${SRCROOT}/Pods/Target Support Files/Pods-VisionDemo/Pods-VisionDemo-frameworks.sh\"\n";
			showEnvVarsInLog = 0;
		};
		A8B58360CC46CA647B4743BB /* [CP] Check Pods Manifest.lock */ = {
			isa = PBXShellScriptBuildPhase;
			buildActionMask = 2147483647;
			files = (
			);
			inputPaths = (
			);
			name = "[CP] Check Pods Manifest.lock";
			outputPaths = (
			);
			runOnlyForDeploymentPostprocessing = 0;
			shellPath = /bin/sh;
			shellScript = "diff \"${PODS_ROOT}/../Podfile.lock\" \"${PODS_ROOT}/Manifest.lock\" > /dev/null\nif [ $? != 0 ] ; then\n    # print error to STDERR\n    echo \"error: The sandbox is not in sync with the Podfile.lock. Run 'pod install' or update your CocoaPods installation.\" >&2\n    exit 1\nfi\n";
			showEnvVarsInLog = 0;
		};
		D75D77433139FA2B7C21B23D /* [CP] Copy Pods Resources */ = {
			isa = PBXShellScriptBuildPhase;
			buildActionMask = 2147483647;
			files = (
			);
			inputPaths = (
			);
			name = "[CP] Copy Pods Resources";
			outputPaths = (
			);
			runOnlyForDeploymentPostprocessing = 0;
			shellPath = /bin/sh;
			shellScript = "\"${SRCROOT}/Pods/Target Support Files/Pods-VisionDemo/Pods-VisionDemo-resources.sh\"\n";
			showEnvVarsInLog = 0;
		};
/* End PBXShellScriptBuildPhase section */

/* Begin PBXSourcesBuildPhase section */
		4516A8581F0C716500F4480F /* Sources */ = {
			isa = PBXSourcesBuildPhase;
			buildActionMask = 2147483647;
			files = (
				4516A8621F0C716500F4480F /* ViewController.swift in Sources */,
				4516A8721F0C71D700F4480F /* CanGetImage.swift in Sources */,
				4516A8601F0C716500F4480F /* AppDelegate.swift in Sources */,
			);
			runOnlyForDeploymentPostprocessing = 0;
		};
/* End PBXSourcesBuildPhase section */

/* Begin PBXVariantGroup section */
		4516A8631F0C716500F4480F /* Main.storyboard */ = {
			isa = PBXVariantGroup;
			children = (
				4516A8641F0C716500F4480F /* Base */,
			);
			name = Main.storyboard;
			sourceTree = "<group>";
		};
		4516A8681F0C716500F4480F /* LaunchScreen.storyboard */ = {
			isa = PBXVariantGroup;
			children = (
				4516A8691F0C716500F4480F /* Base */,
			);
			name = LaunchScreen.storyboard;
			path = ..;
			sourceTree = "<group>";
		};
/* End PBXVariantGroup section */

/* Begin XCBuildConfiguration section */
		4516A86C1F0C716500F4480F /* Debug */ = {
			isa = XCBuildConfiguration;
			buildSettings = {
				ALWAYS_SEARCH_USER_PATHS = NO;
				CLANG_ANALYZER_NONNULL = YES;
				CLANG_ANALYZER_NUMBER_OBJECT_CONVERSION = YES_AGGRESSIVE;
				CLANG_CXX_LANGUAGE_STANDARD = "gnu++14";
				CLANG_CXX_LIBRARY = "libc++";
				CLANG_ENABLE_MODULES = YES;
				CLANG_ENABLE_OBJC_ARC = YES;
				CLANG_WARN_BLOCK_CAPTURE_AUTORELEASING = YES;
				CLANG_WARN_BOOL_CONVERSION = YES;
				CLANG_WARN_COMMA = YES;
				CLANG_WARN_CONSTANT_CONVERSION = YES;
				CLANG_WARN_DIRECT_OBJC_ISA_USAGE = YES_ERROR;
				CLANG_WARN_DOCUMENTATION_COMMENTS = YES;
				CLANG_WARN_EMPTY_BODY = YES;
				CLANG_WARN_ENUM_CONVERSION = YES;
				CLANG_WARN_INFINITE_RECURSION = YES;
				CLANG_WARN_INT_CONVERSION = YES;
				CLANG_WARN_OBJC_ROOT_CLASS = YES_ERROR;
				CLANG_WARN_RANGE_LOOP_ANALYSIS = YES;
				CLANG_WARN_STRICT_PROTOTYPES = YES;
				CLANG_WARN_SUSPICIOUS_MOVE = YES;
				CLANG_WARN_UNGUARDED_AVAILABILITY = YES_AGGRESSIVE;
				CLANG_WARN_UNREACHABLE_CODE = YES;
				CLANG_WARN__DUPLICATE_METHOD_MATCH = YES;
				CODE_SIGN_IDENTITY = "iPhone Developer";
				COPY_PHASE_STRIP = NO;
				DEBUG_INFORMATION_FORMAT = dwarf;
				ENABLE_STRICT_OBJC_MSGSEND = YES;
				ENABLE_TESTABILITY = YES;
				GCC_C_LANGUAGE_STANDARD = gnu11;
				GCC_DYNAMIC_NO_PIC = NO;
				GCC_NO_COMMON_BLOCKS = YES;
				GCC_OPTIMIZATION_LEVEL = 0;
				GCC_PREPROCESSOR_DEFINITIONS = (
					"DEBUG=1",
					"$(inherited)",
				);
				GCC_WARN_64_TO_32_BIT_CONVERSION = YES;
				GCC_WARN_ABOUT_RETURN_TYPE = YES_ERROR;
				GCC_WARN_UNDECLARED_SELECTOR = YES;
				GCC_WARN_UNINITIALIZED_AUTOS = YES_AGGRESSIVE;
				GCC_WARN_UNUSED_FUNCTION = YES;
				GCC_WARN_UNUSED_VARIABLE = YES;
				IPHONEOS_DEPLOYMENT_TARGET = 11.0;
				MTL_ENABLE_DEBUG_INFO = YES;
				ONLY_ACTIVE_ARCH = YES;
				SDKROOT = iphoneos;
				SWIFT_ACTIVE_COMPILATION_CONDITIONS = DEBUG;
				SWIFT_OPTIMIZATION_LEVEL = "-Onone";
			};
			name = Debug;
		};
		4516A86D1F0C716500F4480F /* Release */ = {
			isa = XCBuildConfiguration;
			buildSettings = {
				ALWAYS_SEARCH_USER_PATHS = NO;
				CLANG_ANALYZER_NONNULL = YES;
				CLANG_ANALYZER_NUMBER_OBJECT_CONVERSION = YES_AGGRESSIVE;
				CLANG_CXX_LANGUAGE_STANDARD = "gnu++14";
				CLANG_CXX_LIBRARY = "libc++";
				CLANG_ENABLE_MODULES = YES;
				CLANG_ENABLE_OBJC_ARC = YES;
				CLANG_WARN_BLOCK_CAPTURE_AUTORELEASING = YES;
				CLANG_WARN_BOOL_CONVERSION = YES;
				CLANG_WARN_COMMA = YES;
				CLANG_WARN_CONSTANT_CONVERSION = YES;
				CLANG_WARN_DIRECT_OBJC_ISA_USAGE = YES_ERROR;
				CLANG_WARN_DOCUMENTATION_COMMENTS = YES;
				CLANG_WARN_EMPTY_BODY = YES;
				CLANG_WARN_ENUM_CONVERSION = YES;
				CLANG_WARN_INFINITE_RECURSION = YES;
				CLANG_WARN_INT_CONVERSION = YES;
				CLANG_WARN_OBJC_ROOT_CLASS = YES_ERROR;
				CLANG_WARN_RANGE_LOOP_ANALYSIS = YES;
				CLANG_WARN_STRICT_PROTOTYPES = YES;
				CLANG_WARN_SUSPICIOUS_MOVE = YES;
				CLANG_WARN_UNGUARDED_AVAILABILITY = YES_AGGRESSIVE;
				CLANG_WARN_UNREACHABLE_CODE = YES;
				CLANG_WARN__DUPLICATE_METHOD_MATCH = YES;
				CODE_SIGN_IDENTITY = "iPhone Developer";
				COPY_PHASE_STRIP = NO;
				DEBUG_INFORMATION_FORMAT = "dwarf-with-dsym";
				ENABLE_NS_ASSERTIONS = NO;
				ENABLE_STRICT_OBJC_MSGSEND = YES;
				GCC_C_LANGUAGE_STANDARD = gnu11;
				GCC_NO_COMMON_BLOCKS = YES;
				GCC_WARN_64_TO_32_BIT_CONVERSION = YES;
				GCC_WARN_ABOUT_RETURN_TYPE = YES_ERROR;
				GCC_WARN_UNDECLARED_SELECTOR = YES;
				GCC_WARN_UNINITIALIZED_AUTOS = YES_AGGRESSIVE;
				GCC_WARN_UNUSED_FUNCTION = YES;
				GCC_WARN_UNUSED_VARIABLE = YES;
				IPHONEOS_DEPLOYMENT_TARGET = 11.0;
				MTL_ENABLE_DEBUG_INFO = NO;
				SDKROOT = iphoneos;
				SWIFT_OPTIMIZATION_LEVEL = "-Owholemodule";
				VALIDATE_PRODUCT = YES;
			};
			name = Release;
		};
		4516A86F1F0C716500F4480F /* Debug */ = {
			isa = XCBuildConfiguration;
			baseConfigurationReference = 45231547978F56A5C3E6C5C7 /* Pods-VisionDemo.debug.xcconfig */;
			buildSettings = {
				ASSETCATALOG_COMPILER_APPICON_NAME = AppIcon;
				DEVELOPMENT_TEAM = 6BDKUNMM63;
				INFOPLIST_FILE = VisionDemo/SupportingFiles/Info.plist;
				LD_RUNPATH_SEARCH_PATHS = "$(inherited) @executable_path/Frameworks";
				PRODUCT_BUNDLE_IDENTIFIER = tk.beeth0ven.VisionDemo;
				PRODUCT_NAME = "$(TARGET_NAME)";
				SWIFT_VERSION = 4.0;
				TARGETED_DEVICE_FAMILY = "1,2";
			};
			name = Debug;
		};
		4516A8701F0C716500F4480F /* Release */ = {
			isa = XCBuildConfiguration;
			baseConfigurationReference = 311DCD0903CEFE57B5A8C69A /* Pods-VisionDemo.release.xcconfig */;
			buildSettings = {
				ASSETCATALOG_COMPILER_APPICON_NAME = AppIcon;
				DEVELOPMENT_TEAM = 6BDKUNMM63;
				INFOPLIST_FILE = VisionDemo/SupportingFiles/Info.plist;
				LD_RUNPATH_SEARCH_PATHS = "$(inherited) @executable_path/Frameworks";
				PRODUCT_BUNDLE_IDENTIFIER = tk.beeth0ven.VisionDemo;
				PRODUCT_NAME = "$(TARGET_NAME)";
				SWIFT_VERSION = 4.0;
				TARGETED_DEVICE_FAMILY = "1,2";
			};
			name = Release;
		};
/* End XCBuildConfiguration section */

/* Begin XCConfigurationList section */
		4516A8571F0C716500F4480F /* Build configuration list for PBXProject "VisionDemo" */ = {
			isa = XCConfigurationList;
			buildConfigurations = (
				4516A86C1F0C716500F4480F /* Debug */,
				4516A86D1F0C716500F4480F /* Release */,
			);
			defaultConfigurationIsVisible = 0;
			defaultConfigurationName = Release;
		};
		4516A86E1F0C716500F4480F /* Build configuration list for PBXNativeTarget "VisionDemo" */ = {
			isa = XCConfigurationList;
			buildConfigurations = (
				4516A86F1F0C716500F4480F /* Debug */,
				4516A8701F0C716500F4480F /* Release */,
			);
			defaultConfigurationIsVisible = 0;
			defaultConfigurationName = Release;
		};
/* End XCConfigurationList section */
	};
	rootObject = 4516A8541F0C716500F4480F /* Project object */;
}
